// !$*UTF8*$!
{
	archiveVersion = 1;
	classes = {
	};
	objectVersion = 46;
	objects = {

/* Begin PBXBuildFile section */
		7B091A1515A8301600821FFD /* Cocoa.framework in Frameworks */ = {isa = PBXBuildFile; fileRef = 7BE606CD15A117D100355236 /* Cocoa.framework */; };
		7B091A1B15A8301600821FFD /* InfoPlist.strings in Resources */ = {isa = PBXBuildFile; fileRef = 7B091A1915A8301600821FFD /* InfoPlist.strings */; };
		7B091A1D15A8301600821FFD /* main.m in Sources */ = {isa = PBXBuildFile; fileRef = 7B091A1C15A8301600821FFD /* main.m */; };
		7B091A2115A8301600821FFD /* Credits.rtf in Resources */ = {isa = PBXBuildFile; fileRef = 7B091A1F15A8301600821FFD /* Credits.rtf */; };
		7B091A2415A8301600821FFD /* AtoZAppDelegate.m in Sources */ = {isa = PBXBuildFile; fileRef = 7B091A2315A8301600821FFD /* AtoZAppDelegate.m */; };
		7B091A2715A8301600821FFD /* MainMenu.xib in Resources */ = {isa = PBXBuildFile; fileRef = 7B091A2515A8301600821FFD /* MainMenu.xib */; };
		7B091A4815A888C500821FFD /* ApplicationServices.framework in Frameworks */ = {isa = PBXBuildFile; fileRef = 7B091A4715A888C400821FFD /* ApplicationServices.framework */; };
		7B091A4915A8891400821FFD /* AppKit.framework in Frameworks */ = {isa = PBXBuildFile; fileRef = 7BE606D015A117D100355236 /* AppKit.framework */; };
		7B0D7C2615A3E80000037D30 /* ControlBar.m in Sources */ = {isa = PBXBuildFile; fileRef = 7B0D7C2515A3E7FF00037D30 /* ControlBar.m */; };
		7B0D7C4615A3F6C800037D30 /* QuartzCore.framework in Frameworks */ = {isa = PBXBuildFile; fileRef = 7B0D7C4515A3F6C800037D30 /* QuartzCore.framework */; };
		7B0D7C4815A3F88C00037D30 /* Quartz.framework in Frameworks */ = {isa = PBXBuildFile; fileRef = 7B0D7C4715A3F88C00037D30 /* Quartz.framework */; };
		7B24E96D15A11C6200A9D87A /* AZStatusAppController.m in Sources */ = {isa = PBXBuildFile; fileRef = 7B24E96C15A11C6200A9D87A /* AZStatusAppController.m */; };
		7B24E97215A11F4600A9D87A /* AZStatusItemView.m in Sources */ = {isa = PBXBuildFile; fileRef = 7B24E97115A11F4600A9D87A /* AZStatusItemView.m */; };
		7B66CE5815C5E29100ADDFE6 /* AtoZ.framework in Frameworks */ = {isa = PBXBuildFile; fileRef = 7B66CE4F15C5B1AD00ADDFE6 /* AtoZ.framework */; };
		7B66CE5915C5E29700ADDFE6 /* AtoZ.framework in CopyFiles */ = {isa = PBXBuildFile; fileRef = 7B66CE4F15C5B1AD00ADDFE6 /* AtoZ.framework */; };
		7B78529015ACE326008BAD3C /* QuartzCore.framework in Frameworks */ = {isa = PBXBuildFile; fileRef = 7B0D7C4515A3F6C800037D30 /* QuartzCore.framework */; };
		7B78529115ACE32B008BAD3C /* Quartz.framework in Frameworks */ = {isa = PBXBuildFile; fileRef = 7B0D7C4715A3F88C00037D30 /* Quartz.framework */; };
		7B78529215ACE333008BAD3C /* Foundation.framework in Frameworks */ = {isa = PBXBuildFile; fileRef = 7BE606D215A117D100355236 /* Foundation.framework */; };
		7BBD980D15AF463200943FC1 /* AtoZ.framework in Frameworks */ = {isa = PBXBuildFile; fileRef = 7B24E9B315A1486D00A9D87A /* AtoZ.framework */; };
		7BE606CE15A117D100355236 /* Cocoa.framework in Frameworks */ = {isa = PBXBuildFile; fileRef = 7BE606CD15A117D100355236 /* Cocoa.framework */; };
		7BE606D815A117D200355236 /* InfoPlist.strings in Resources */ = {isa = PBXBuildFile; fileRef = 7BE606D615A117D200355236 /* InfoPlist.strings */; };
		7BE606DA15A117D200355236 /* main.m in Sources */ = {isa = PBXBuildFile; fileRef = 7BE606D915A117D200355236 /* main.m */; };
		7BE606DE15A117D200355236 /* Credits.rtf in Resources */ = {isa = PBXBuildFile; fileRef = 7BE606DC15A117D200355236 /* Credits.rtf */; };
		7BE606E415A117D200355236 /* MainMenu.xib in Resources */ = {isa = PBXBuildFile; fileRef = 7BE606E215A117D200355236 /* MainMenu.xib */; };
/* End PBXBuildFile section */

/* Begin PBXContainerItemProxy section */
		7B66CE4E15C5B1AD00ADDFE6 /* PBXContainerItemProxy */ = {
			isa = PBXContainerItemProxy;
			containerPortal = 7B66CE4715C5B1AC00ADDFE6 /* AtoZ.xcodeproj */;
			proxyType = 2;
			remoteGlobalIDString = 7B311951159B6D9E002134C4;
			remoteInfo = AtoZ;
		};
		7B66CE5015C5B1AD00ADDFE6 /* PBXContainerItemProxy */ = {
			isa = PBXContainerItemProxy;
			containerPortal = 7B66CE4715C5B1AC00ADDFE6 /* AtoZ.xcodeproj */;
			proxyType = 2;
			remoteGlobalIDString = 7B311969159B6D9E002134C4;
			remoteInfo = AtoZTests;
		};
		7B66CE5215C5B1AD00ADDFE6 /* PBXContainerItemProxy */ = {
			isa = PBXContainerItemProxy;
			containerPortal = 7B66CE4715C5B1AC00ADDFE6 /* AtoZ.xcodeproj */;
			proxyType = 2;
			remoteGlobalIDString = 7B3422BA15A5EC03006AC46C;
			remoteInfo = AtoZCLI;
		};
		7B66CE5415C5B1AD00ADDFE6 /* PBXContainerItemProxy */ = {
			isa = PBXContainerItemProxy;
			containerPortal = 7B66CE4715C5B1AC00ADDFE6 /* AtoZ.xcodeproj */;
			proxyType = 2;
			remoteGlobalIDString = 7B7852A515ACECD2008BAD3C;
			remoteInfo = AZLayerTest;
		};
		7B66CE5A15C5E2D800ADDFE6 /* PBXContainerItemProxy */ = {
			isa = PBXContainerItemProxy;
			containerPortal = 7B66CE4715C5B1AC00ADDFE6 /* AtoZ.xcodeproj */;
			proxyType = 1;
			remoteGlobalIDString = 7B311950159B6D9E002134C4;
			remoteInfo = AtoZ;
		};
/* End PBXContainerItemProxy section */

/* Begin PBXCopyFilesBuildPhase section */
		7B24E9F215A1784D00A9D87A /* CopyFiles */ = {
			isa = PBXCopyFilesBuildPhase;
			buildActionMask = 2147483647;
			dstPath = "";
			dstSubfolderSpec = 10;
			files = (
				7B66CE5915C5E29700ADDFE6 /* AtoZ.framework in CopyFiles */,
			);
			runOnlyForDeploymentPostprocessing = 0;
		};
/* End PBXCopyFilesBuildPhase section */

/* Begin PBXFileReference section */
		7B091A1315A8301600821FFD /* AZBoxTest.app */ = {isa = PBXFileReference; explicitFileType = wrapper.application; includeInIndex = 0; path = AZBoxTest.app; sourceTree = BUILT_PRODUCTS_DIR; };
		7B091A1815A8301600821FFD /* AZBoxTest-Info.plist */ = {isa = PBXFileReference; lastKnownFileType = text.plist.xml; path = "AZBoxTest-Info.plist"; sourceTree = "<group>"; };
		7B091A1A15A8301600821FFD /* en */ = {isa = PBXFileReference; lastKnownFileType = text.plist.strings; name = en; path = en.lproj/InfoPlist.strings; sourceTree = "<group>"; };
		7B091A1C15A8301600821FFD /* main.m */ = {isa = PBXFileReference; lastKnownFileType = sourcecode.c.objc; path = main.m; sourceTree = "<group>"; };
		7B091A1E15A8301600821FFD /* AZBoxTest-Prefix.pch */ = {isa = PBXFileReference; lastKnownFileType = sourcecode.c.h; path = "AZBoxTest-Prefix.pch"; sourceTree = "<group>"; };
		7B091A2015A8301600821FFD /* en */ = {isa = PBXFileReference; lastKnownFileType = text.rtf; name = en; path = en.lproj/Credits.rtf; sourceTree = "<group>"; };
		7B091A2215A8301600821FFD /* AtoZAppDelegate.h */ = {isa = PBXFileReference; lastKnownFileType = sourcecode.c.h; path = AtoZAppDelegate.h; sourceTree = "<group>"; };
		7B091A2315A8301600821FFD /* AtoZAppDelegate.m */ = {isa = PBXFileReference; lastKnownFileType = sourcecode.c.objc; path = AtoZAppDelegate.m; sourceTree = "<group>"; };
		7B091A2615A8301600821FFD /* en */ = {isa = PBXFileReference; lastKnownFileType = file.xib; name = en; path = en.lproj/MainMenu.xib; sourceTree = "<group>"; };
		7B091A4715A888C400821FFD /* ApplicationServices.framework */ = {isa = PBXFileReference; lastKnownFileType = wrapper.framework; name = ApplicationServices.framework; path = System/Library/Frameworks/ApplicationServices.framework; sourceTree = SDKROOT; };
		7B0D7C2415A3E7FF00037D30 /* ControlBar.h */ = {isa = PBXFileReference; fileEncoding = 4; lastKnownFileType = sourcecode.c.h; path = ControlBar.h; sourceTree = "<group>"; };
		7B0D7C2515A3E7FF00037D30 /* ControlBar.m */ = {isa = PBXFileReference; fileEncoding = 4; lastKnownFileType = sourcecode.c.objc; path = ControlBar.m; sourceTree = "<group>"; };
		7B0D7C4515A3F6C800037D30 /* QuartzCore.framework */ = {isa = PBXFileReference; lastKnownFileType = wrapper.framework; name = QuartzCore.framework; path = System/Library/Frameworks/QuartzCore.framework; sourceTree = SDKROOT; };
		7B0D7C4715A3F88C00037D30 /* Quartz.framework */ = {isa = PBXFileReference; lastKnownFileType = wrapper.framework; name = Quartz.framework; path = System/Library/Frameworks/Quartz.framework; sourceTree = SDKROOT; };
		7B0D7C5A15A4175900037D30 /* iCarousel.h */ = {isa = PBXFileReference; fileEncoding = 4; lastKnownFileType = sourcecode.c.h; name = iCarousel.h; path = ../iCarousel.h; sourceTree = "<group>"; };
		7B0D7C5B15A4175900037D30 /* iCarousel.m */ = {isa = PBXFileReference; fileEncoding = 4; lastKnownFileType = sourcecode.c.objc; name = iCarousel.m; path = ../iCarousel.m; sourceTree = "<group>"; };
		7B24E96B15A11C6200A9D87A /* AZStatusAppController.h */ = {isa = PBXFileReference; fileEncoding = 4; lastKnownFileType = sourcecode.c.h; path = AZStatusAppController.h; sourceTree = "<group>"; };
		7B24E96C15A11C6200A9D87A /* AZStatusAppController.m */ = {isa = PBXFileReference; fileEncoding = 4; lastKnownFileType = sourcecode.c.objc; path = AZStatusAppController.m; sourceTree = "<group>"; };
		7B24E97015A11F4600A9D87A /* AZStatusItemView.h */ = {isa = PBXFileReference; fileEncoding = 4; lastKnownFileType = sourcecode.c.h; path = AZStatusItemView.h; sourceTree = "<group>"; };
		7B24E97115A11F4600A9D87A /* AZStatusItemView.m */ = {isa = PBXFileReference; fileEncoding = 4; lastKnownFileType = sourcecode.c.objc; path = AZStatusItemView.m; sourceTree = "<group>"; };
		7B24E9B315A1486D00A9D87A /* AtoZ.framework */ = {isa = PBXFileReference; lastKnownFileType = wrapper.framework; name = AtoZ.framework; path = System/Library/Frameworks/AtoZ.framework; sourceTree = SDKROOT; };
		7B66CE4715C5B1AC00ADDFE6 /* AtoZ.xcodeproj */ = {isa = PBXFileReference; lastKnownFileType = "wrapper.pb-project"; name = AtoZ.xcodeproj; path = ../AtoZ/AtoZ.xcodeproj; sourceTree = "<group>"; };
		7B78524615ABA801008BAD3C /* MyScroller.h */ = {isa = PBXFileReference; fileEncoding = 4; lastKnownFileType = sourcecode.c.h; path = MyScroller.h; sourceTree = "<group>"; };
		7B78524715ABA801008BAD3C /* MyScroller.m */ = {isa = PBXFileReference; fileEncoding = 4; lastKnownFileType = sourcecode.c.objc; path = MyScroller.m; sourceTree = "<group>"; };
		7B78524815ABA801008BAD3C /* MyScrollView.h */ = {isa = PBXFileReference; fileEncoding = 4; lastKnownFileType = sourcecode.c.h; path = MyScrollView.h; sourceTree = "<group>"; };
		7B78524915ABA801008BAD3C /* MyScrollView.m */ = {isa = PBXFileReference; fileEncoding = 4; lastKnownFileType = sourcecode.c.objc; path = MyScrollView.m; sourceTree = "<group>"; };
		7BE606C915A117D100355236 /* AtoZStatusApp.app */ = {isa = PBXFileReference; explicitFileType = wrapper.application; includeInIndex = 0; path = AtoZStatusApp.app; sourceTree = BUILT_PRODUCTS_DIR; };
		7BE606CD15A117D100355236 /* Cocoa.framework */ = {isa = PBXFileReference; lastKnownFileType = wrapper.framework; name = Cocoa.framework; path = System/Library/Frameworks/Cocoa.framework; sourceTree = SDKROOT; };
		7BE606D015A117D100355236 /* AppKit.framework */ = {isa = PBXFileReference; lastKnownFileType = wrapper.framework; name = AppKit.framework; path = System/Library/Frameworks/AppKit.framework; sourceTree = SDKROOT; };
		7BE606D115A117D100355236 /* CoreData.framework */ = {isa = PBXFileReference; lastKnownFileType = wrapper.framework; name = CoreData.framework; path = System/Library/Frameworks/CoreData.framework; sourceTree = SDKROOT; };
		7BE606D215A117D100355236 /* Foundation.framework */ = {isa = PBXFileReference; lastKnownFileType = wrapper.framework; name = Foundation.framework; path = System/Library/Frameworks/Foundation.framework; sourceTree = SDKROOT; };
		7BE606D515A117D200355236 /* AtoZStatusApp-Info.plist */ = {isa = PBXFileReference; lastKnownFileType = text.plist.xml; path = "AtoZStatusApp-Info.plist"; sourceTree = "<group>"; };
		7BE606D715A117D200355236 /* en */ = {isa = PBXFileReference; lastKnownFileType = text.plist.strings; name = en; path = en.lproj/InfoPlist.strings; sourceTree = "<group>"; };
		7BE606D915A117D200355236 /* main.m */ = {isa = PBXFileReference; lastKnownFileType = sourcecode.c.objc; path = main.m; sourceTree = "<group>"; };
		7BE606DB15A117D200355236 /* AtoZStatusApp-Prefix.pch */ = {isa = PBXFileReference; lastKnownFileType = sourcecode.c.h; path = "AtoZStatusApp-Prefix.pch"; sourceTree = "<group>"; };
		7BE606DD15A117D200355236 /* en */ = {isa = PBXFileReference; lastKnownFileType = text.rtf; name = en; path = en.lproj/Credits.rtf; sourceTree = "<group>"; };
		7BE606E315A117D200355236 /* en */ = {isa = PBXFileReference; lastKnownFileType = file.xib; name = en; path = en.lproj/MainMenu.xib; sourceTree = "<group>"; };
/* End PBXFileReference section */

/* Begin PBXFrameworksBuildPhase section */
		7B091A1015A8301600821FFD /* Frameworks */ = {
			isa = PBXFrameworksBuildPhase;
			buildActionMask = 2147483647;
			files = (
				7BBD980D15AF463200943FC1 /* AtoZ.framework in Frameworks */,
				7B78529215ACE333008BAD3C /* Foundation.framework in Frameworks */,
				7B78529115ACE32B008BAD3C /* Quartz.framework in Frameworks */,
				7B78529015ACE326008BAD3C /* QuartzCore.framework in Frameworks */,
				7B091A4915A8891400821FFD /* AppKit.framework in Frameworks */,
				7B091A4815A888C500821FFD /* ApplicationServices.framework in Frameworks */,
				7B091A1515A8301600821FFD /* Cocoa.framework in Frameworks */,
			);
			runOnlyForDeploymentPostprocessing = 0;
		};
		7BE606C615A117D100355236 /* Frameworks */ = {
			isa = PBXFrameworksBuildPhase;
			buildActionMask = 2147483647;
			files = (
				7B66CE5815C5E29100ADDFE6 /* AtoZ.framework in Frameworks */,
				7B0D7C4815A3F88C00037D30 /* Quartz.framework in Frameworks */,
				7B0D7C4615A3F6C800037D30 /* QuartzCore.framework in Frameworks */,
				7BE606CE15A117D100355236 /* Cocoa.framework in Frameworks */,
			);
			runOnlyForDeploymentPostprocessing = 0;
		};
/* End PBXFrameworksBuildPhase section */

/* Begin PBXGroup section */
		7B091A1615A8301600821FFD /* AZBoxTest */ = {
			isa = PBXGroup;
			children = (
				7B78524615ABA801008BAD3C /* MyScroller.h */,
				7B78524715ABA801008BAD3C /* MyScroller.m */,
				7B78524815ABA801008BAD3C /* MyScrollView.h */,
				7B78524915ABA801008BAD3C /* MyScrollView.m */,
				7B091A2215A8301600821FFD /* AtoZAppDelegate.h */,
				7B091A2315A8301600821FFD /* AtoZAppDelegate.m */,
				7B091A2515A8301600821FFD /* MainMenu.xib */,
				7B091A1715A8301600821FFD /* Supporting Files */,
			);
			path = AZBoxTest;
			sourceTree = "<group>";
		};
		7B091A1715A8301600821FFD /* Supporting Files */ = {
			isa = PBXGroup;
			children = (
				7B091A1815A8301600821FFD /* AZBoxTest-Info.plist */,
				7B091A1915A8301600821FFD /* InfoPlist.strings */,
				7B091A1C15A8301600821FFD /* main.m */,
				7B091A1E15A8301600821FFD /* AZBoxTest-Prefix.pch */,
				7B091A1F15A8301600821FFD /* Credits.rtf */,
			);
			name = "Supporting Files";
			sourceTree = "<group>";
		};
		7B66CE4815C5B1AC00ADDFE6 /* Products */ = {
			isa = PBXGroup;
			children = (
				7B66CE4F15C5B1AD00ADDFE6 /* AtoZ.framework */,
				7B66CE5115C5B1AD00ADDFE6 /* AtoZTests.octest */,
				7B66CE5315C5B1AD00ADDFE6 /* AtoZCLI */,
				7B66CE5515C5B1AD00ADDFE6 /* AZLayerTest.app */,
			);
			name = Products;
			sourceTree = "<group>";
		};
		7B7852A015ACECAF008BAD3C /* Status */ = {
			isa = PBXGroup;
			children = (
				7B24E97015A11F4600A9D87A /* AZStatusItemView.h */,
				7B24E97115A11F4600A9D87A /* AZStatusItemView.m */,
				7B24E96B15A11C6200A9D87A /* AZStatusAppController.h */,
				7B24E96C15A11C6200A9D87A /* AZStatusAppController.m */,
				7BE606E215A117D200355236 /* MainMenu.xib */,
				7B0D7C2415A3E7FF00037D30 /* ControlBar.h */,
				7B0D7C2515A3E7FF00037D30 /* ControlBar.m */,
			);
			name = Status;
			sourceTree = "<group>";
		};
		7BE606BE15A117D100355236 = {
			isa = PBXGroup;
			children = (
				7B66CE4715C5B1AC00ADDFE6 /* AtoZ.xcodeproj */,
				7B7852A015ACECAF008BAD3C /* Status */,
				7B091A1615A8301600821FFD /* AZBoxTest */,
				7BE606D415A117D200355236 /* Supporting Files */,
				7BE606CC15A117D100355236 /* Frameworks */,
				7BE606CA15A117D100355236 /* Products */,
			);
			sourceTree = "<group>";
		};
		7BE606CA15A117D100355236 /* Products */ = {
			isa = PBXGroup;
			children = (
				7BE606C915A117D100355236 /* AtoZStatusApp.app */,
				7B091A1315A8301600821FFD /* AZBoxTest.app */,
			);
			name = Products;
			sourceTree = "<group>";
		};
		7BE606CC15A117D100355236 /* Frameworks */ = {
			isa = PBXGroup;
			children = (
				7B091A4715A888C400821FFD /* ApplicationServices.framework */,
				7B0D7C4715A3F88C00037D30 /* Quartz.framework */,
				7B0D7C4515A3F6C800037D30 /* QuartzCore.framework */,
				7B24E9B315A1486D00A9D87A /* AtoZ.framework */,
				7BE606CD15A117D100355236 /* Cocoa.framework */,
				7BE606CF15A117D100355236 /* Other Frameworks */,
			);
			name = Frameworks;
			sourceTree = "<group>";
		};
		7BE606CF15A117D100355236 /* Other Frameworks */ = {
			isa = PBXGroup;
			children = (
				7BE606D015A117D100355236 /* AppKit.framework */,
				7BE606D115A117D100355236 /* CoreData.framework */,
				7BE606D215A117D100355236 /* Foundation.framework */,
			);
			name = "Other Frameworks";
			sourceTree = "<group>";
		};
		7BE606D415A117D200355236 /* Supporting Files */ = {
			isa = PBXGroup;
			children = (
				7B0D7C5A15A4175900037D30 /* iCarousel.h */,
				7B0D7C5B15A4175900037D30 /* iCarousel.m */,
				7BE606D515A117D200355236 /* AtoZStatusApp-Info.plist */,
				7BE606D615A117D200355236 /* InfoPlist.strings */,
				7BE606D915A117D200355236 /* main.m */,
				7BE606DB15A117D200355236 /* AtoZStatusApp-Prefix.pch */,
				7BE606DC15A117D200355236 /* Credits.rtf */,
			);
			name = "Supporting Files";
			path = AtoZStatusApp;
			sourceTree = SOURCE_ROOT;
		};
/* End PBXGroup section */

/* Begin PBXNativeTarget section */
		7B091A1215A8301600821FFD /* AZBoxTest */ = {
			isa = PBXNativeTarget;
			buildConfigurationList = 7B091A2815A8301600821FFD /* Build configuration list for PBXNativeTarget "AZBoxTest" */;
			buildPhases = (
				7B091A0F15A8301600821FFD /* Sources */,
				7B091A1015A8301600821FFD /* Frameworks */,
				7B091A1115A8301600821FFD /* Resources */,
			);
			buildRules = (
			);
			dependencies = (
			);
			name = AZBoxTest;
			productName = AZBoxTest;
			productReference = 7B091A1315A8301600821FFD /* AZBoxTest.app */;
			productType = "com.apple.product-type.application";
		};
		7BE606C815A117D100355236 /* AtoZStatusApp */ = {
			isa = PBXNativeTarget;
			buildConfigurationList = 7BE606E715A117D200355236 /* Build configuration list for PBXNativeTarget "AtoZStatusApp" */;
			buildPhases = (
				7BE606C515A117D100355236 /* Sources */,
				7BE606C615A117D100355236 /* Frameworks */,
				7BE606C715A117D100355236 /* Resources */,
				7B24E9F215A1784D00A9D87A /* CopyFiles */,
			);
			buildRules = (
			);
			dependencies = (
				7B66CE5B15C5E2D800ADDFE6 /* PBXTargetDependency */,
			);
			name = AtoZStatusApp;
			productName = AtoZStatusAspp;
			productReference = 7BE606C915A117D100355236 /* AtoZStatusApp.app */;
			productType = "com.apple.product-type.application";
		};
/* End PBXNativeTarget section */

/* Begin PBXProject section */
		7BE606C015A117D100355236 /* Project object */ = {
			isa = PBXProject;
			attributes = {
				CLASSPREFIX = AtoZ;
				LastUpgradeCheck = 0440;
				ORGANIZATIONNAME = "mrgray.com, inc.";
			};
			buildConfigurationList = 7BE606C315A117D100355236 /* Build configuration list for PBXProject "AtoZStatusApp" */;
			compatibilityVersion = "Xcode 3.2";
			developmentRegion = English;
			hasScannedForEncodings = 0;
			knownRegions = (
				en,
			);
			mainGroup = 7BE606BE15A117D100355236;
			productRefGroup = 7BE606CA15A117D100355236 /* Products */;
			projectDirPath = "";
			projectReferences = (
				{
					ProductGroup = 7B66CE4815C5B1AC00ADDFE6 /* Products */;
					ProjectRef = 7B66CE4715C5B1AC00ADDFE6 /* AtoZ.xcodeproj */;
				},
			);
			projectRoot = "";
			targets = (
				7BE606C815A117D100355236 /* AtoZStatusApp */,
				7B091A1215A8301600821FFD /* AZBoxTest */,
			);
		};
/* End PBXProject section */

/* Begin PBXReferenceProxy section */
		7B66CE4F15C5B1AD00ADDFE6 /* AtoZ.framework */ = {
			isa = PBXReferenceProxy;
			fileType = wrapper.framework;
			path = AtoZ.framework;
			remoteRef = 7B66CE4E15C5B1AD00ADDFE6 /* PBXContainerItemProxy */;
			sourceTree = BUILT_PRODUCTS_DIR;
		};
		7B66CE5115C5B1AD00ADDFE6 /* AtoZTests.octest */ = {
			isa = PBXReferenceProxy;
			fileType = wrapper.cfbundle;
			path = AtoZTests.octest;
			remoteRef = 7B66CE5015C5B1AD00ADDFE6 /* PBXContainerItemProxy */;
			sourceTree = BUILT_PRODUCTS_DIR;
		};
		7B66CE5315C5B1AD00ADDFE6 /* AtoZCLI */ = {
			isa = PBXReferenceProxy;
			fileType = "compiled.mach-o.executable";
			path = AtoZCLI;
			remoteRef = 7B66CE5215C5B1AD00ADDFE6 /* PBXContainerItemProxy */;
			sourceTree = BUILT_PRODUCTS_DIR;
		};
		7B66CE5515C5B1AD00ADDFE6 /* AZLayerTest.app */ = {
			isa = PBXReferenceProxy;
			fileType = wrapper.application;
			path = AZLayerTest.app;
			remoteRef = 7B66CE5415C5B1AD00ADDFE6 /* PBXContainerItemProxy */;
			sourceTree = BUILT_PRODUCTS_DIR;
		};
/* End PBXReferenceProxy section */

/* Begin PBXResourcesBuildPhase section */
		7B091A1115A8301600821FFD /* Resources */ = {
			isa = PBXResourcesBuildPhase;
			buildActionMask = 2147483647;
			files = (
				7B091A1B15A8301600821FFD /* InfoPlist.strings in Resources */,
				7B091A2115A8301600821FFD /* Credits.rtf in Resources */,
				7B091A2715A8301600821FFD /* MainMenu.xib in Resources */,
			);
			runOnlyForDeploymentPostprocessing = 0;
		};
		7BE606C715A117D100355236 /* Resources */ = {
			isa = PBXResourcesBuildPhase;
			buildActionMask = 2147483647;
			files = (
				7BE606D815A117D200355236 /* InfoPlist.strings in Resources */,
				7BE606DE15A117D200355236 /* Credits.rtf in Resources */,
				7BE606E415A117D200355236 /* MainMenu.xib in Resources */,
			);
			runOnlyForDeploymentPostprocessing = 0;
		};
/* End PBXResourcesBuildPhase section */

/* Begin PBXSourcesBuildPhase section */
		7B091A0F15A8301600821FFD /* Sources */ = {
			isa = PBXSourcesBuildPhase;
			buildActionMask = 2147483647;
			files = (
				7B091A1D15A8301600821FFD /* main.m in Sources */,
				7B091A2415A8301600821FFD /* AtoZAppDelegate.m in Sources */,
			);
			runOnlyForDeploymentPostprocessing = 0;
		};
		7BE606C515A117D100355236 /* Sources */ = {
			isa = PBXSourcesBuildPhase;
			buildActionMask = 2147483647;
			files = (
				7BE606DA15A117D200355236 /* main.m in Sources */,
				7B24E96D15A11C6200A9D87A /* AZStatusAppController.m in Sources */,
				7B24E97215A11F4600A9D87A /* AZStatusItemView.m in Sources */,
				7B0D7C2615A3E80000037D30 /* ControlBar.m in Sources */,
			);
			runOnlyForDeploymentPostprocessing = 0;
		};
/* End PBXSourcesBuildPhase section */

/* Begin PBXTargetDependency section */
		7B66CE5B15C5E2D800ADDFE6 /* PBXTargetDependency */ = {
			isa = PBXTargetDependency;
			name = AtoZ;
			targetProxy = 7B66CE5A15C5E2D800ADDFE6 /* PBXContainerItemProxy */;
		};
/* End PBXTargetDependency section */

/* Begin PBXVariantGroup section */
		7B091A1915A8301600821FFD /* InfoPlist.strings */ = {
			isa = PBXVariantGroup;
			children = (
				7B091A1A15A8301600821FFD /* en */,
			);
			name = InfoPlist.strings;
			sourceTree = "<group>";
		};
		7B091A1F15A8301600821FFD /* Credits.rtf */ = {
			isa = PBXVariantGroup;
			children = (
				7B091A2015A8301600821FFD /* en */,
			);
			name = Credits.rtf;
			sourceTree = "<group>";
		};
		7B091A2515A8301600821FFD /* MainMenu.xib */ = {
			isa = PBXVariantGroup;
			children = (
				7B091A2615A8301600821FFD /* en */,
			);
			name = MainMenu.xib;
			sourceTree = "<group>";
		};
		7BE606D615A117D200355236 /* InfoPlist.strings */ = {
			isa = PBXVariantGroup;
			children = (
				7BE606D715A117D200355236 /* en */,
			);
			name = InfoPlist.strings;
			sourceTree = "<group>";
		};
		7BE606DC15A117D200355236 /* Credits.rtf */ = {
			isa = PBXVariantGroup;
			children = (
				7BE606DD15A117D200355236 /* en */,
			);
			name = Credits.rtf;
			sourceTree = "<group>";
		};
		7BE606E215A117D200355236 /* MainMenu.xib */ = {
			isa = PBXVariantGroup;
			children = (
				7BE606E315A117D200355236 /* en */,
			);
			name = MainMenu.xib;
			path = AtoZStatusApp;
			sourceTree = "<group>";
		};
/* End PBXVariantGroup section */

/* Begin XCBuildConfiguration section */
		7B091A2915A8301600821FFD /* Debug */ = {
			isa = XCBuildConfiguration;
			buildSettings = {
				ALWAYS_SEARCH_USER_PATHS = YES;
				COMBINE_HIDPI_IMAGES = YES;
				GCC_INCREASE_PRECOMPILED_HEADER_SHARING = YES;
				GCC_PRECOMPILE_PREFIX_HEADER = YES;
				GCC_PREFIX_HEADER = "AZBoxTest/AZBoxTest-Prefix.pch";
				INFOPLIST_FILE = "AZBoxTest/AZBoxTest-Info.plist";
				PRODUCT_NAME = "$(TARGET_NAME)";
				WRAPPER_EXTENSION = app;
			};
			name = Debug;
		};
		7B091A2A15A8301600821FFD /* Release */ = {
			isa = XCBuildConfiguration;
			buildSettings = {
				ALWAYS_SEARCH_USER_PATHS = YES;
				COMBINE_HIDPI_IMAGES = YES;
				GCC_INCREASE_PRECOMPILED_HEADER_SHARING = YES;
				GCC_PRECOMPILE_PREFIX_HEADER = YES;
				GCC_PREFIX_HEADER = "AZBoxTest/AZBoxTest-Prefix.pch";
				INFOPLIST_FILE = "AZBoxTest/AZBoxTest-Info.plist";
				PRODUCT_NAME = "$(TARGET_NAME)";
				WRAPPER_EXTENSION = app;
			};
			name = Release;
		};
		7BE606E515A117D200355236 /* Debug */ = {
			isa = XCBuildConfiguration;
			buildSettings = {
				ALWAYS_SEARCH_USER_PATHS = YES;
				ARCHS = "$(ARCHS_STANDARD_64_BIT)";
				CLANG_ENABLE_OBJC_ARC = YES;
				COPY_PHASE_STRIP = NO;
				GCC_C_LANGUAGE_STANDARD = "compiler-default";
				GCC_DYNAMIC_NO_PIC = NO;
				GCC_ENABLE_OBJC_EXCEPTIONS = YES;
				GCC_OPTIMIZATION_LEVEL = 0;
				GCC_PREPROCESSOR_DEFINITIONS = (
					"DEBUG=1",
					"$(inherited)",
				);
				GCC_SYMBOLS_PRIVATE_EXTERN = NO;
				GCC_VERSION = com.apple.compilers.llvm.clang.1_0;
				GCC_WARN_64_TO_32_BIT_CONVERSION = YES;
				GCC_WARN_ABOUT_RETURN_TYPE = YES;
				GCC_WARN_UNINITIALIZED_AUTOS = YES;
				GCC_WARN_UNUSED_VARIABLE = YES;
				MACOSX_DEPLOYMENT_TARGET = 10.6;
				ONLY_ACTIVE_ARCH = YES;
				SDKROOT = macosx;
			};
			name = Debug;
		};
		7BE606E615A117D200355236 /* Release */ = {
			isa = XCBuildConfiguration;
			buildSettings = {
				ALWAYS_SEARCH_USER_PATHS = YES;
				ARCHS = "$(ARCHS_STANDARD_64_BIT)";
				CLANG_ENABLE_OBJC_ARC = YES;
				COPY_PHASE_STRIP = YES;
				DEBUG_INFORMATION_FORMAT = "dwarf-with-dsym";
				GCC_C_LANGUAGE_STANDARD = "compiler-default";
				GCC_ENABLE_OBJC_EXCEPTIONS = YES;
				GCC_VERSION = com.apple.compilers.llvm.clang.1_0;
				GCC_WARN_64_TO_32_BIT_CONVERSION = YES;
				GCC_WARN_ABOUT_RETURN_TYPE = YES;
				GCC_WARN_UNINITIALIZED_AUTOS = YES;
				GCC_WARN_UNUSED_VARIABLE = YES;
				MACOSX_DEPLOYMENT_TARGET = 10.6;
				SDKROOT = macosx;
			};
			name = Release;
		};
		7BE606E815A117D200355236 /* Debug */ = {
			isa = XCBuildConfiguration;
			buildSettings = {
				COMBINE_HIDPI_IMAGES = YES;
				GCC_INCREASE_PRECOMPILED_HEADER_SHARING = YES;
				GCC_PRECOMPILE_PREFIX_HEADER = YES;
				GCC_PREFIX_HEADER = "AtoZStatusApp/AtoZStatusApp-Prefix.pch";
				INFOPLIST_FILE = "AtoZStatusApp/AtoZStatusApp-Info.plist";
				PRODUCT_NAME = AtoZStatusApp;
				SCAN_ALL_SOURCE_FILES_FOR_INCLUDES = YES;
				WRAPPER_EXTENSION = app;
			};
			name = Debug;
		};
		7BE606E915A117D200355236 /* Release */ = {
			isa = XCBuildConfiguration;
			buildSettings = {
				COMBINE_HIDPI_IMAGES = YES;
				GCC_INCREASE_PRECOMPILED_HEADER_SHARING = YES;
				GCC_PRECOMPILE_PREFIX_HEADER = YES;
				GCC_PREFIX_HEADER = "AtoZStatusApp/AtoZStatusApp-Prefix.pch";
				INFOPLIST_FILE = "AtoZStatusApp/AtoZStatusApp-Info.plist";
				PRODUCT_NAME = AtoZStatusApp;
				SCAN_ALL_SOURCE_FILES_FOR_INCLUDES = YES;
				WRAPPER_EXTENSION = app;
			};
			name = Release;
		};
/* End XCBuildConfiguration section */

/* Begin XCConfigurationList section */
		7B091A2815A8301600821FFD /* Build configuration list for PBXNativeTarget "AZBoxTest" */ = {
			isa = XCConfigurationList;
			buildConfigurations = (
				7B091A2915A8301600821FFD /* Debug */,
				7B091A2A15A8301600821FFD /* Release */,
			);
			defaultConfigurationIsVisible = 0;
			defaultConfigurationName = Release;
		};
		7BE606C315A117D100355236 /* Build configuration list for PBXProject "AtoZStatusApp" */ = {
			isa = XCConfigurationList;
			buildConfigurations = (
				7BE606E515A117D200355236 /* Debug */,
				7BE606E615A117D200355236 /* Release */,
			);
			defaultConfigurationIsVisible = 0;
			defaultConfigurationName = Release;
		};
		7BE606E715A117D200355236 /* Build configuration list for PBXNativeTarget "AtoZStatusApp" */ = {
			isa = XCConfigurationList;
			buildConfigurations = (
				7BE606E815A117D200355236 /* Debug */,
				7BE606E915A117D200355236 /* Release */,
			);
			defaultConfigurationIsVisible = 0;
			defaultConfigurationName = Release;
		};
/* End XCConfigurationList section */
	};
	rootObject = 7BE606C015A117D100355236 /* Project object */;
}
